
Microsoft Visual Studio Solution File, Format Version 12.00
# Visual Studio 2013
VisualStudioVersion = 12.0.30723.0
MinimumVisualStudioVersion = 10.0.40219.1
Project("{FAE04EC0-301F-11D3-BF4B-00C04F79EFBC}") = "ServerVM", "ServerVM\ServerVM.csproj", "{65B10976-98EC-417B-974C-B11A8045EA47}"
EndProject
Project("{FAE04EC0-301F-11D3-BF4B-00C04F79EFBC}") = "Client1VM", "Client1VM\Client1VM.csproj", "{09F7CEE1-DFDA-4616-9605-BDABF39D09C4}"
EndProject
Project("{FAE04EC0-301F-11D3-BF4B-00C04F79EFBC}") = "Client2VM", "Client2VM\Client2VM.csproj", "{72A490C1-8688-4ABA-B12E-4F1BBD0D9F6E}"
EndProject
Global
	GlobalSection(SolutionConfigurationPlatforms) = preSolution
		Debug|Any CPU = Debug|Any CPU
		Release|Any CPU = Release|Any CPU
	EndGlobalSection
	GlobalSection(ProjectConfigurationPlatforms) = postSolution
		{65B10976-98EC-417B-974C-B11A8045EA47}.Debug|Any CPU.ActiveCfg = Debug|Any CPU
		{65B10976-98EC-417B-974C-B11A8045EA47}.Debug|Any CPU.Build.0 = Debug|Any CPU
		{65B10976-98EC-417B-974C-B11A8045EA47}.Release|Any CPU.ActiveCfg = Release|Any CPU
		{65B10976-98EC-417B-974C-B11A8045EA47}.Release|Any CPU.Build.0 = Release|Any CPU
		{09F7CEE1-DFDA-4616-9605-BDABF39D09C4}.Debug|Any CPU.ActiveCfg = Debug|Any CPU
		{09F7CEE1-DFDA-4616-9605-BDABF39D09C4}.Debug|Any CPU.Build.0 = Debug|Any CPU
		{09F7CEE1-DFDA-4616-9605-BDABF39D09C4}.Release|Any CPU.ActiveCfg = Release|Any CPU
		{09F7CEE1-DFDA-4616-9605-BDABF39D09C4}.Release|Any CPU.Build.0 = Release|Any CPU
		{72A490C1-8688-4ABA-B12E-4F1BBD0D9F6E}.Debug|Any CPU.ActiveCfg = Debug|Any CPU
		{72A490C1-8688-4ABA-B12E-4F1BBD0D9F6E}.Debug|Any CPU.Build.0 = Debug|Any CPU
		{72A490C1-8688-4ABA-B12E-4F1BBD0D9F6E}.Release|Any CPU.ActiveCfg = Release|Any CPU
		{72A490C1-8688-4ABA-B12E-4F1BBD0D9F6E}.Release|Any CPU.Build.0 = Release|Any CPU
	EndGlobalSection
	GlobalSection(SolutionProperties) = preSolution
		HideSolutionNode = FALSE
	EndGlobalSection
EndGlobal
